<?xml version="1.0" encoding="utf-8"?>
<Project ToolsVersion="4.0" xmlns="http://schemas.microsoft.com/developer/msbuild/2003">
  <ItemGroup>
    <Filter Include="Source Files">
      <UniqueIdentifier>{4FC737F1-C7A5-4376-A066-2A32D752A2FF}</UniqueIdentifier>
      <Extensions>cpp;c;cc;cxx;def;odl;idl;hpj;bat;asm;asmx</Extensions>
    </Filter>
    <Filter Include="Header Files">
      <UniqueIdentifier>{93995380-89BD-4b04-88EB-625FBE52EBFB}</UniqueIdentifier>
      <Extensions>h;hpp;hxx;hm;inl;inc;xsd</Extensions>
    </Filter>
    <Filter Include="Resource Files">
      <UniqueIdentifier>{67DA6AB6-F800-4c08-8B7A-83BB121AAD01}</UniqueIdentifier>
      <Extensions>rc;ico;cur;bmp;dlg;rc2;rct;bin;rgs;gif;jpg;jpeg;jpe;resx;tiff;tif;png;wav;mfcribbon-ms</Extensions>
    </Filter>
    <Filter Include="Header Files\ApplicationLayer">
      <UniqueIdentifier>{d754fabf-e36b-4e4e-a732-2bc32ebc79bd}</UniqueIdentifier>
    </Filter>
    <Filter Include="Header Files\Logic">
      <UniqueIdentifier>{f9f0de88-a3a6-44f3-8cb0-e1b90a3be836}</UniqueIdentifier>
    </Filter>
    <Filter Include="Header Files\View">
      <UniqueIdentifier>{5ff883fe-2e58-44d2-9741-f7c5a4facf4e}</UniqueIdentifier>
    </Filter>
    <Filter Include="Source Files\ApplicationLayer">
      <UniqueIdentifier>{894803c9-50ee-4343-83aa-81846deda7b1}</UniqueIdentifier>
    </Filter>
    <Filter Include="Source Files\View">
      <UniqueIdentifier>{f24f4420-836c-412e-aaa9-cd358fb627d8}</UniqueIdentifier>
    </Filter>
    <Filter Include="Source Files\Logic">
      <UniqueIdentifier>{5a60f1ed-6868-4129-b144-d9144c0fc7ce}</UniqueIdentifier>
    </Filter>
    <Filter Include="Header Files\Logic\events">
      <UniqueIdentifier>{1388c475-6e7d-4c6d-94ed-e8ea822e3505}</UniqueIdentifier>
    </Filter>
    <Filter Include="Source Files\Logic\events">
      <UniqueIdentifier>{d0f766b3-ee2c-4400-ac97-ccbc6738ccb2}</UniqueIdentifier>
    </Filter>
  </ItemGroup>
  <ItemGroup>
    <None Include="ReadMe.txt" />
    <None Include="small.ico">
      <Filter>Resource Files</Filter>
    </None>
    <None Include="LostIsland.ico">
      <Filter>Resource Files</Filter>
    </None>
  </ItemGroup>
  <ItemGroup>
    <ClInclude Include="LostIsland.h">
      <Filter>Header Files\ApplicationLayer</Filter>
    </ClInclude>
    <ClInclude Include="Resource.h">
      <Filter>Header Files\ApplicationLayer</Filter>
    </ClInclude>
    <ClInclude Include="stdafx.h">
      <Filter>Header Files\ApplicationLayer</Filter>
    </ClInclude>
    <ClInclude Include="targetver.h">
      <Filter>Header Files\ApplicationLayer</Filter>
    </ClInclude>
    <ClInclude Include="DebugConsole.h">
      <Filter>Header Files\ApplicationLayer</Filter>
    </ClInclude>
    <ClInclude Include="Direct3D.h">
      <Filter>Header Files\ApplicationLayer</Filter>
    </ClInclude>
    <ClInclude Include="GameTimer.h">
      <Filter>Header Files\ApplicationLayer</Filter>
    </ClInclude>
    <ClInclude Include="MemoryPool.h">
      <Filter>Header Files\ApplicationLayer</Filter>
    </ClInclude>
    <ClInclude Include="Octree.h">
      <Filter>Header Files\Logic</Filter>
    </ClInclude>
    <ClInclude Include="Terrain.h">
      <Filter>Header Files\Logic</Filter>
    </ClInclude>
    <ClInclude Include="FastDelegate.h">
      <Filter>Header Files\ApplicationLayer</Filter>
    </ClInclude>
    <ClInclude Include="FastDelegateBind.h">
      <Filter>Header Files\ApplicationLayer</Filter>
    </ClInclude>
    <ClInclude Include="EventManager.h">
      <Filter>Header Files\Logic\events</Filter>
    </ClInclude>
    <ClInclude Include="Event.h">
      <Filter>Header Files\Logic\events</Filter>
    </ClInclude>
    <ClInclude Include="Property.h">
      <Filter>Header Files\Logic\events</Filter>
    </ClInclude>
    <ClInclude Include="IProperty.h">
      <Filter>Header Files\Logic\events</Filter>
    </ClInclude>
  </ItemGroup>
  <ItemGroup>
    <ClCompile Include="LostIsland.cpp">
      <Filter>Source Files\ApplicationLayer</Filter>
    </ClCompile>
    <ClCompile Include="stdafx.cpp">
      <Filter>Source Files\ApplicationLayer</Filter>
    </ClCompile>
    <ClCompile Include="DebugConsole.cpp">
      <Filter>Source Files\ApplicationLayer</Filter>
    </ClCompile>
    <ClCompile Include="Direct3D.cpp">
      <Filter>Source Files\ApplicationLayer</Filter>
    </ClCompile>
    <ClCompile Include="GameTimer.cpp">
      <Filter>Source Files\ApplicationLayer</Filter>
    </ClCompile>
    <ClCompile Include="MemoryPool.cpp">
      <Filter>Source Files\ApplicationLayer</Filter>
    </ClCompile>
    <ClCompile Include="Octree.cpp">
      <Filter>Source Files\Logic</Filter>
    </ClCompile>
    <ClCompile Include="Terrain.cpp">
      <Filter>Source Files\Logic</Filter>
    </ClCompile>
    <ClCompile Include="EventManager.cpp">
      <Filter>Source Files\Logic\events</Filter>
    </ClCompile>
    <ClCompile Include="Event.cpp">
      <Filter>Source Files\Logic\events</Filter>
    </ClCompile>
    <ClCompile Include="IProperty.cpp">
      <Filter>Source Files\Logic\events</Filter>
    </ClCompile>
  </ItemGroup>
  <ItemGroup>
    <ResourceCompile Include="LostIsland.rc">
      <Filter>Resource Files</Filter>
    </ResourceCompile>
  </ItemGroup>
</Project>